
Microsoft Visual Studio Solution File, Format Version 12.00
# Visual Studio 2012
Project("{FAE04EC0-301F-11D3-BF4B-00C04F79EFBC}") = "UserThrottling", "UserThrottling\UserThrottling.csproj", "{F843B959-036D-4523-908A-0652CCB91E3A}"
EndProject
Project("{FAE04EC0-301F-11D3-BF4B-00C04F79EFBC}") = "UserThrottling.MvcExample", "UserThrottling.MvcExample\UserThrottling.MvcExample.csproj", "{221D34FC-60AD-47CE-B5AD-A928A50370CE}"
EndProject
Global
	GlobalSection(SolutionConfigurationPlatforms) = preSolution
		Debug|Any CPU = Debug|Any CPU
		Release|Any CPU = Release|Any CPU
	EndGlobalSection
	GlobalSection(ProjectConfigurationPlatforms) = postSolution
		{F843B959-036D-4523-908A-0652CCB91E3A}.Debug|Any CPU.ActiveCfg = Debug|Any CPU
		{F843B959-036D-4523-908A-0652CCB91E3A}.Debug|Any CPU.Build.0 = Debug|Any CPU
		{F843B959-036D-4523-908A-0652CCB91E3A}.Release|Any CPU.ActiveCfg = Release|Any CPU
		{F843B959-036D-4523-908A-0652CCB91E3A}.Release|Any CPU.Build.0 = Release|Any CPU
		{221D34FC-60AD-47CE-B5AD-A928A50370CE}.Debug|Any CPU.ActiveCfg = Debug|Any CPU
		{221D34FC-60AD-47CE-B5AD-A928A50370CE}.Debug|Any CPU.Build.0 = Debug|Any CPU
		{221D34FC-60AD-47CE-B5AD-A928A50370CE}.Release|Any CPU.ActiveCfg = Release|Any CPU
		{221D34FC-60AD-47CE-B5AD-A928A50370CE}.Release|Any CPU.Build.0 = Release|Any CPU
	EndGlobalSection
	GlobalSection(SolutionProperties) = preSolution
		HideSolutionNode = FALSE
	EndGlobalSection
EndGlobal
